
Microsoft Visual Studio Solution File, Format Version 12.00
# Visual Studio Version 17
VisualStudioVersion = 17.2.32630.192
MinimumVisualStudioVersion = 10.0.40219.1
Project("{FAE04EC0-301F-11D3-BF4B-00C04F79EFBC}") = "SeleniumWebAppTests", "SeleniumWebAppTests\SeleniumWebAppTests.csproj", "{C337B090-8147-40B4-9F7B-A3489B71DC7D}"
EndProject
Global
	GlobalSection(SolutionConfigurationPlatforms) = preSolution
		Debug|Any CPU = Debug|Any CPU
		Release|Any CPU = Release|Any CPU
	EndGlobalSection
	GlobalSection(ProjectConfigurationPlatforms) = postSolution
		{C337B090-8147-40B4-9F7B-A3489B71DC7D}.Debug|Any CPU.ActiveCfg = Debug|Any CPU
		{C337B090-8147-40B4-9F7B-A3489B71DC7D}.Debug|Any CPU.Build.0 = Debug|Any CPU
		{C337B090-8147-40B4-9F7B-A3489B71DC7D}.Release|Any CPU.ActiveCfg = Release|Any CPU
		{C337B090-8147-40B4-9F7B-A3489B71DC7D}.Release|Any CPU.Build.0 = Release|Any CPU
	EndGlobalSection
	GlobalSection(SolutionProperties) = preSolution
		HideSolutionNode = FALSE
	EndGlobalSection
	GlobalSection(ExtensibilityGlobals) = postSolution
		SolutionGuid = {B268F6A8-5595-474C-8B97-5333085B488D}
	EndGlobalSection
EndGlobal
